// !$*UTF8*$!
{
	archiveVersion = 1;
	classes = {
	};
	objectVersion = 55;
	objects = {

/* Begin PBXBuildFile section */
		3325E5C9286B280700C6400D /* Network.swift in Sources */ = {isa = PBXBuildFile; fileRef = 3325E5C8286B280700C6400D /* Network.swift */; };
		3340601D2864AD42002356F3 /* TableViewDataSource.swift in Sources */ = {isa = PBXBuildFile; fileRef = 3340601C2864AD42002356F3 /* TableViewDataSource.swift */; };
		3340602328665122002356F3 /* LocationViewController.swift in Sources */ = {isa = PBXBuildFile; fileRef = 3340602228665122002356F3 /* LocationViewController.swift */; };
		3340602528665143002356F3 /* EpisodeViewController.swift in Sources */ = {isa = PBXBuildFile; fileRef = 3340602428665143002356F3 /* EpisodeViewController.swift */; };
		33406027286661F1002356F3 /* LocationModel.swift in Sources */ = {isa = PBXBuildFile; fileRef = 33406026286661F1002356F3 /* LocationModel.swift */; };
		335D1EF02878C4C00056FC4B /* MainViewControllerProtocolwqsa.swift in Sources */ = {isa = PBXBuildFile; fileRef = 335D1EEF2878C4C00056FC4B /* MainViewControllerProtocolwqsa.swift */; };
		335D1EF22878C60B0056FC4B /* ViewModel.swift in Sources */ = {isa = PBXBuildFile; fileRef = 335D1EF12878C60B0056FC4B /* ViewModel.swift */; };
		335D1EF42878D0E10056FC4B /* DetailViewModel.swift in Sources */ = {isa = PBXBuildFile; fileRef = 335D1EF32878D0E10056FC4B /* DetailViewModel.swift */; };
		335D1EF62878D4CB0056FC4B /* DetailViewModelProtocol.swift in Sources */ = {isa = PBXBuildFile; fileRef = 335D1EF52878D4CB0056FC4B /* DetailViewModelProtocol.swift */; };
		335D1EFD287A3C180056FC4B /* CustomTableViewCelModel.swift in Sources */ = {isa = PBXBuildFile; fileRef = 335D1EFC287A3C180056FC4B /* CustomTableViewCelModel.swift */; };
		335D1EFF287AF23E0056FC4B /* LocationViewModel.swift in Sources */ = {isa = PBXBuildFile; fileRef = 335D1EFE287AF23E0056FC4B /* LocationViewModel.swift */; };
		335D1F01287B993E0056FC4B /* EpisodeViewModel.swift in Sources */ = {isa = PBXBuildFile; fileRef = 335D1F00287B993E0056FC4B /* EpisodeViewModel.swift */; };
		33BE4F61285A068900CB4712 /* AppDelegate.swift in Sources */ = {isa = PBXBuildFile; fileRef = 33BE4F60285A068900CB4712 /* AppDelegate.swift */; };
		33BE4F63285A068900CB4712 /* SceneDelegate.swift in Sources */ = {isa = PBXBuildFile; fileRef = 33BE4F62285A068900CB4712 /* SceneDelegate.swift */; };
		33BE4F68285A068900CB4712 /* Main.storyboard in Resources */ = {isa = PBXBuildFile; fileRef = 33BE4F66285A068900CB4712 /* Main.storyboard */; };
		33BE4F6A285A068B00CB4712 /* Assets.xcassets in Resources */ = {isa = PBXBuildFile; fileRef = 33BE4F69285A068B00CB4712 /* Assets.xcassets */; };
		33BE4F6D285A068B00CB4712 /* LaunchScreen.storyboard in Resources */ = {isa = PBXBuildFile; fileRef = 33BE4F6B285A068B00CB4712 /* LaunchScreen.storyboard */; };
		33BE4F75285A085300CB4712 /* MainViewController.swift in Sources */ = {isa = PBXBuildFile; fileRef = 33BE4F74285A085300CB4712 /* MainViewController.swift */; };
		33BE4F77285A69D100CB4712 /* CustomTableViewCell.swift in Sources */ = {isa = PBXBuildFile; fileRef = 33BE4F76285A69D100CB4712 /* CustomTableViewCell.swift */; };
		33BE4F79285B8A1100CB4712 /* Model.swift in Sources */ = {isa = PBXBuildFile; fileRef = 33BE4F78285B8A1100CB4712 /* Model.swift */; };
		33BE4F7F286003EB00CB4712 /* DetailController.swift in Sources */ = {isa = PBXBuildFile; fileRef = 33BE4F7E286003EB00CB4712 /* DetailController.swift */; };
/* End PBXBuildFile section */

/* Begin PBXFileReference section */
		3325E5C8286B280700C6400D /* Network.swift */ = {isa = PBXFileReference; lastKnownFileType = sourcecode.swift; path = Network.swift; sourceTree = "<group>"; };
		3340601C2864AD42002356F3 /* TableViewDataSource.swift */ = {isa = PBXFileReference; lastKnownFileType = sourcecode.swift; path = TableViewDataSource.swift; sourceTree = "<group>"; };
		3340602228665122002356F3 /* LocationViewController.swift */ = {isa = PBXFileReference; lastKnownFileType = sourcecode.swift; path = LocationViewController.swift; sourceTree = "<group>"; };
		3340602428665143002356F3 /* EpisodeViewController.swift */ = {isa = PBXFileReference; lastKnownFileType = sourcecode.swift; path = EpisodeViewController.swift; sourceTree = "<group>"; };
		33406026286661F1002356F3 /* LocationModel.swift */ = {isa = PBXFileReference; lastKnownFileType = sourcecode.swift; path = LocationModel.swift; sourceTree = "<group>"; };
		335D1EEF2878C4C00056FC4B /* MainViewControllerProtocolwqsa.swift */ = {isa = PBXFileReference; lastKnownFileType = sourcecode.swift; path = MainViewControllerProtocolwqsa.swift; sourceTree = "<group>"; };
		335D1EF12878C60B0056FC4B /* ViewModel.swift */ = {isa = PBXFileReference; lastKnownFileType = sourcecode.swift; path = ViewModel.swift; sourceTree = "<group>"; };
		335D1EF32878D0E10056FC4B /* DetailViewModel.swift */ = {isa = PBXFileReference; lastKnownFileType = sourcecode.swift; path = DetailViewModel.swift; sourceTree = "<group>"; };
		335D1EF52878D4CB0056FC4B /* DetailViewModelProtocol.swift */ = {isa = PBXFileReference; lastKnownFileType = sourcecode.swift; path = DetailViewModelProtocol.swift; sourceTree = "<group>"; };
		335D1EFC287A3C180056FC4B /* CustomTableViewCelModel.swift */ = {isa = PBXFileReference; lastKnownFileType = sourcecode.swift; path = CustomTableViewCelModel.swift; sourceTree = "<group>"; };
		335D1EFE287AF23E0056FC4B /* LocationViewModel.swift */ = {isa = PBXFileReference; lastKnownFileType = sourcecode.swift; path = LocationViewModel.swift; sourceTree = "<group>"; };
		335D1F00287B993E0056FC4B /* EpisodeViewModel.swift */ = {isa = PBXFileReference; lastKnownFileType = sourcecode.swift; path = EpisodeViewModel.swift; sourceTree = "<group>"; };
		33BE4F5D285A068900CB4712 /* Network tableview.app */ = {isa = PBXFileReference; explicitFileType = wrapper.application; includeInIndex = 0; path = "Network tableview.app"; sourceTree = BUILT_PRODUCTS_DIR; };
		33BE4F60285A068900CB4712 /* AppDelegate.swift */ = {isa = PBXFileReference; lastKnownFileType = sourcecode.swift; path = AppDelegate.swift; sourceTree = "<group>"; };
		33BE4F62285A068900CB4712 /* SceneDelegate.swift */ = {isa = PBXFileReference; lastKnownFileType = sourcecode.swift; path = SceneDelegate.swift; sourceTree = "<group>"; };
		33BE4F67285A068900CB4712 /* Base */ = {isa = PBXFileReference; lastKnownFileType = file.storyboard; name = Base; path = Base.lproj/Main.storyboard; sourceTree = "<group>"; };
		33BE4F69285A068B00CB4712 /* Assets.xcassets */ = {isa = PBXFileReference; lastKnownFileType = folder.assetcatalog; path = Assets.xcassets; sourceTree = "<group>"; };
		33BE4F6C285A068B00CB4712 /* Base */ = {isa = PBXFileReference; lastKnownFileType = file.storyboard; name = Base; path = Base.lproj/LaunchScreen.storyboard; sourceTree = "<group>"; };
		33BE4F6E285A068B00CB4712 /* Info.plist */ = {isa = PBXFileReference; lastKnownFileType = text.plist.xml; path = Info.plist; sourceTree = "<group>"; };
		33BE4F74285A085300CB4712 /* MainViewController.swift */ = {isa = PBXFileReference; lastKnownFileType = sourcecode.swift; path = MainViewController.swift; sourceTree = "<group>"; };
		33BE4F76285A69D100CB4712 /* CustomTableViewCell.swift */ = {isa = PBXFileReference; lastKnownFileType = sourcecode.swift; path = CustomTableViewCell.swift; sourceTree = "<group>"; };
		33BE4F78285B8A1100CB4712 /* Model.swift */ = {isa = PBXFileReference; lastKnownFileType = sourcecode.swift; path = Model.swift; sourceTree = "<group>"; };
		33BE4F7E286003EB00CB4712 /* DetailController.swift */ = {isa = PBXFileReference; lastKnownFileType = sourcecode.swift; path = DetailController.swift; sourceTree = "<group>"; };
/* End PBXFileReference section */

/* Begin PBXFrameworksBuildPhase section */
		33BE4F5A285A068900CB4712 /* Frameworks */ = {
			isa = PBXFrameworksBuildPhase;
			buildActionMask = 2147483647;
			files = (
			);
			runOnlyForDeploymentPostprocessing = 0;
		};
/* End PBXFrameworksBuildPhase section */

/* Begin PBXGroup section */
		335D1EF72878DD9C0056FC4B /* protocol */ = {
			isa = PBXGroup;
			children = (
				335D1EF52878D4CB0056FC4B /* DetailViewModelProtocol.swift */,
				335D1EEF2878C4C00056FC4B /* MainViewControllerProtocolwqsa.swift */,
			);
			path = protocol;
			sourceTree = "<group>";
		};
		335D1EF82878DDC40056FC4B /* Networking */ = {
			isa = PBXGroup;
			children = (
				3325E5C8286B280700C6400D /* Network.swift */,
			);
			path = Networking;
			sourceTree = "<group>";
		};
		335D1EF92878DDD80056FC4B /* ViewModel */ = {
			isa = PBXGroup;
			children = (
				335D1EFE287AF23E0056FC4B /* LocationViewModel.swift */,
				335D1F00287B993E0056FC4B /* EpisodeViewModel.swift */,
				335D1EF32878D0E10056FC4B /* DetailViewModel.swift */,
				3340601C2864AD42002356F3 /* TableViewDataSource.swift */,
				335D1EFC287A3C180056FC4B /* CustomTableViewCelModel.swift */,
				335D1EF12878C60B0056FC4B /* ViewModel.swift */,
			);
			path = ViewModel;
			sourceTree = "<group>";
		};
		335D1EFA2878DDFF0056FC4B /* View */ = {
			isa = PBXGroup;
			children = (
				33BE4F76285A69D100CB4712 /* CustomTableViewCell.swift */,
				33BE4F7E286003EB00CB4712 /* DetailController.swift */,
				3340602428665143002356F3 /* EpisodeViewController.swift */,
				33BE4F74285A085300CB4712 /* MainViewController.swift */,
				3340602228665122002356F3 /* LocationViewController.swift */,
			);
			path = View;
			sourceTree = "<group>";
		};
		335D1EFB2878DE5C0056FC4B /* Model */ = {
			isa = PBXGroup;
			children = (
				33406026286661F1002356F3 /* LocationModel.swift */,
				33BE4F78285B8A1100CB4712 /* Model.swift */,
			);
			path = Model;
			sourceTree = "<group>";
		};
		33BE4F54285A068800CB4712 = {
			isa = PBXGroup;
			children = (
				33BE4F5F285A068900CB4712 /* Network tableview */,
				33BE4F5E285A068900CB4712 /* Products */,
			);
			sourceTree = "<group>";
		};
		33BE4F5E285A068900CB4712 /* Products */ = {
			isa = PBXGroup;
			children = (
				33BE4F5D285A068900CB4712 /* Network tableview.app */,
			);
			name = Products;
			sourceTree = "<group>";
		};
		33BE4F5F285A068900CB4712 /* Network tableview */ = {
			isa = PBXGroup;
			children = (
				33BE4F60285A068900CB4712 /* AppDelegate.swift */,
				33BE4F62285A068900CB4712 /* SceneDelegate.swift */,
				335D1EFA2878DDFF0056FC4B /* View */,
				335D1EF72878DD9C0056FC4B /* protocol */,
				335D1EF92878DDD80056FC4B /* ViewModel */,
				335D1EF82878DDC40056FC4B /* Networking */,
				335D1EFB2878DE5C0056FC4B /* Model */,
				33BE4F69285A068B00CB4712 /* Assets.xcassets */,
				33BE4F66285A068900CB4712 /* Main.storyboard */,
				33BE4F6B285A068B00CB4712 /* LaunchScreen.storyboard */,
				33BE4F6E285A068B00CB4712 /* Info.plist */,
			);
			path = "Network tableview";
			sourceTree = "<group>";
		};
/* End PBXGroup section */

/* Begin PBXNativeTarget section */
		33BE4F5C285A068900CB4712 /* Network tableview */ = {
			isa = PBXNativeTarget;
			buildConfigurationList = 33BE4F71285A068B00CB4712 /* Build configuration list for PBXNativeTarget "Network tableview" */;
			buildPhases = (
				33BE4F59285A068900CB4712 /* Sources */,
				33BE4F5A285A068900CB4712 /* Frameworks */,
				33BE4F5B285A068900CB4712 /* Resources */,
			);
			buildRules = (
			);
			dependencies = (
			);
			name = "Network tableview";
			productName = "Network tableview";
			productReference = 33BE4F5D285A068900CB4712 /* Network tableview.app */;
			productType = "com.apple.product-type.application";
		};
/* End PBXNativeTarget section */

/* Begin PBXProject section */
		33BE4F55285A068800CB4712 /* Project object */ = {
			isa = PBXProject;
			attributes = {
				BuildIndependentTargetsInParallel = 1;
				LastSwiftUpdateCheck = 1310;
				LastUpgradeCheck = 1310;
				TargetAttributes = {
					33BE4F5C285A068900CB4712 = {
						CreatedOnToolsVersion = 13.1;
					};
				};
			};
			buildConfigurationList = 33BE4F58285A068800CB4712 /* Build configuration list for PBXProject "Network tableview" */;
			compatibilityVersion = "Xcode 13.0";
			developmentRegion = en;
			hasScannedForEncodings = 0;
			knownRegions = (
				en,
				Base,
			);
			mainGroup = 33BE4F54285A068800CB4712;
			productRefGroup = 33BE4F5E285A068900CB4712 /* Products */;
			projectDirPath = "";
			projectRoot = "";
			targets = (
				33BE4F5C285A068900CB4712 /* Network tableview */,
			);
		};
/* End PBXProject section */

/* Begin PBXResourcesBuildPhase section */
		33BE4F5B285A068900CB4712 /* Resources */ = {
			isa = PBXResourcesBuildPhase;
			buildActionMask = 2147483647;
			files = (
				33BE4F6D285A068B00CB4712 /* LaunchScreen.storyboard in Resources */,
				33BE4F6A285A068B00CB4712 /* Assets.xcassets in Resources */,
				33BE4F68285A068900CB4712 /* Main.storyboard in Resources */,
			);
			runOnlyForDeploymentPostprocessing = 0;
		};
/* End PBXResourcesBuildPhase section */

/* Begin PBXSourcesBuildPhase section */
		33BE4F59285A068900CB4712 /* Sources */ = {
			isa = PBXSourcesBuildPhase;
			buildActionMask = 2147483647;
			files = (
				33BE4F79285B8A1100CB4712 /* Model.swift in Sources */,
				335D1EF02878C4C00056FC4B /* MainViewControllerProtocolwqsa.swift in Sources */,
				33BE4F7F286003EB00CB4712 /* DetailController.swift in Sources */,
				335D1EF62878D4CB0056FC4B /* DetailViewModelProtocol.swift in Sources */,
				33BE4F75285A085300CB4712 /* MainViewController.swift in Sources */,
				33BE4F61285A068900CB4712 /* AppDelegate.swift in Sources */,
				3340602528665143002356F3 /* EpisodeViewController.swift in Sources */,
				335D1EF22878C60B0056FC4B /* ViewModel.swift in Sources */,
				335D1EFF287AF23E0056FC4B /* LocationViewModel.swift in Sources */,
				33406027286661F1002356F3 /* LocationModel.swift in Sources */,
				33BE4F77285A69D100CB4712 /* CustomTableViewCell.swift in Sources */,
				335D1EF42878D0E10056FC4B /* DetailViewModel.swift in Sources */,
				335D1EFD287A3C180056FC4B /* CustomTableViewCelModel.swift in Sources */,
				3340602328665122002356F3 /* LocationViewController.swift in Sources */,
				3325E5C9286B280700C6400D /* Network.swift in Sources */,
				33BE4F63285A068900CB4712 /* SceneDelegate.swift in Sources */,
				335D1F01287B993E0056FC4B /* EpisodeViewModel.swift in Sources */,
				3340601D2864AD42002356F3 /* TableViewDataSource.swift in Sources */,
			);
			runOnlyForDeploymentPostprocessing = 0;
		};
/* End PBXSourcesBuildPhase section */

/* Begin PBXVariantGroup section */
		33BE4F66285A068900CB4712 /* Main.storyboard */ = {
			isa = PBXVariantGroup;
			children = (
				33BE4F67285A068900CB4712 /* Base */,
			);
			name = Main.storyboard;
			sourceTree = "<group>";
		};
		33BE4F6B285A068B00CB4712 /* LaunchScreen.storyboard */ = {
			isa = PBXVariantGroup;
			children = (
				33BE4F6C285A068B00CB4712 /* Base */,
			);
			name = LaunchScreen.storyboard;
			sourceTree = "<group>";
		};
/* End PBXVariantGroup section */

/* Begin XCBuildConfiguration section */
		33BE4F6F285A068B00CB4712 /* Debug */ = {
			isa = XCBuildConfiguration;
			buildSettings = {
				ALWAYS_SEARCH_USER_PATHS = NO;
				CLANG_ANALYZER_NONNULL = YES;
				CLANG_ANALYZER_NUMBER_OBJECT_CONVERSION = YES_AGGRESSIVE;
				CLANG_CXX_LANGUAGE_STANDARD = "gnu++17";
				CLANG_CXX_LIBRARY = "libc++";
				CLANG_ENABLE_MODULES = YES;
				CLANG_ENABLE_OBJC_ARC = YES;
				CLANG_ENABLE_OBJC_WEAK = YES;
				CLANG_WARN_BLOCK_CAPTURE_AUTORELEASING = YES;
				CLANG_WARN_BOOL_CONVERSION = YES;
				CLANG_WARN_COMMA = YES;
				CLANG_WARN_CONSTANT_CONVERSION = YES;
				CLANG_WARN_DEPRECATED_OBJC_IMPLEMENTATIONS = YES;
				CLANG_WARN_DIRECT_OBJC_ISA_USAGE = YES_ERROR;
				CLANG_WARN_DOCUMENTATION_COMMENTS = YES;
				CLANG_WARN_EMPTY_BODY = YES;
				CLANG_WARN_ENUM_CONVERSION = YES;
				CLANG_WARN_INFINITE_RECURSION = YES;
				CLANG_WARN_INT_CONVERSION = YES;
				CLANG_WARN_NON_LITERAL_NULL_CONVERSION = YES;
				CLANG_WARN_OBJC_IMPLICIT_RETAIN_SELF = YES;
				CLANG_WARN_OBJC_LITERAL_CONVERSION = YES;
				CLANG_WARN_OBJC_ROOT_CLASS = YES_ERROR;
				CLANG_WARN_QUOTED_INCLUDE_IN_FRAMEWORK_HEADER = YES;
				CLANG_WARN_RANGE_LOOP_ANALYSIS = YES;
				CLANG_WARN_STRICT_PROTOTYPES = YES;
				CLANG_WARN_SUSPICIOUS_MOVE = YES;
				CLANG_WARN_UNGUARDED_AVAILABILITY = YES_AGGRESSIVE;
				CLANG_WARN_UNREACHABLE_CODE = YES;
				CLANG_WARN__DUPLICATE_METHOD_MATCH = YES;
				COPY_PHASE_STRIP = NO;
				DEBUG_INFORMATION_FORMAT = dwarf;
				ENABLE_STRICT_OBJC_MSGSEND = YES;
				ENABLE_TESTABILITY = YES;
				GCC_C_LANGUAGE_STANDARD = gnu11;
				GCC_DYNAMIC_NO_PIC = NO;
				GCC_NO_COMMON_BLOCKS = YES;
				GCC_OPTIMIZATION_LEVEL = 0;
				GCC_PREPROCESSOR_DEFINITIONS = (
					"DEBUG=1",
					"$(inherited)",
				);
				GCC_WARN_64_TO_32_BIT_CONVERSION = YES;
				GCC_WARN_ABOUT_RETURN_TYPE = YES_ERROR;
				GCC_WARN_UNDECLARED_SELECTOR = YES;
				GCC_WARN_UNINITIALIZED_AUTOS = YES_AGGRESSIVE;
				GCC_WARN_UNUSED_FUNCTION = YES;
				GCC_WARN_UNUSED_VARIABLE = YES;
				IPHONEOS_DEPLOYMENT_TARGET = 15.0;
				MTL_ENABLE_DEBUG_INFO = INCLUDE_SOURCE;
				MTL_FAST_MATH = YES;
				ONLY_ACTIVE_ARCH = YES;
				SDKROOT = iphoneos;
				SWIFT_ACTIVE_COMPILATION_CONDITIONS = DEBUG;
				SWIFT_OPTIMIZATION_LEVEL = "-Onone";
			};
			name = Debug;
		};
		33BE4F70285A068B00CB4712 /* Release */ = {
			isa = XCBuildConfiguration;
			buildSettings = {
				ALWAYS_SEARCH_USER_PATHS = NO;
				CLANG_ANALYZER_NONNULL = YES;
				CLANG_ANALYZER_NUMBER_OBJECT_CONVERSION = YES_AGGRESSIVE;
				CLANG_CXX_LANGUAGE_STANDARD = "gnu++17";
				CLANG_CXX_LIBRARY = "libc++";
				CLANG_ENABLE_MODULES = YES;
				CLANG_ENABLE_OBJC_ARC = YES;
				CLANG_ENABLE_OBJC_WEAK = YES;
				CLANG_WARN_BLOCK_CAPTURE_AUTORELEASING = YES;
				CLANG_WARN_BOOL_CONVERSION = YES;
				CLANG_WARN_COMMA = YES;
				CLANG_WARN_CONSTANT_CONVERSION = YES;
				CLANG_WARN_DEPRECATED_OBJC_IMPLEMENTATIONS = YES;
				CLANG_WARN_DIRECT_OBJC_ISA_USAGE = YES_ERROR;
				CLANG_WARN_DOCUMENTATION_COMMENTS = YES;
				CLANG_WARN_EMPTY_BODY = YES;
				CLANG_WARN_ENUM_CONVERSION = YES;
				CLANG_WARN_INFINITE_RECURSION = YES;
				CLANG_WARN_INT_CONVERSION = YES;
				CLANG_WARN_NON_LITERAL_NULL_CONVERSION = YES;
				CLANG_WARN_OBJC_IMPLICIT_RETAIN_SELF = YES;
				CLANG_WARN_OBJC_LITERAL_CONVERSION = YES;
				CLANG_WARN_OBJC_ROOT_CLASS = YES_ERROR;
				CLANG_WARN_QUOTED_INCLUDE_IN_FRAMEWORK_HEADER = YES;
				CLANG_WARN_RANGE_LOOP_ANALYSIS = YES;
				CLANG_WARN_STRICT_PROTOTYPES = YES;
				CLANG_WARN_SUSPICIOUS_MOVE = YES;
				CLANG_WARN_UNGUARDED_AVAILABILITY = YES_AGGRESSIVE;
				CLANG_WARN_UNREACHABLE_CODE = YES;
				CLANG_WARN__DUPLICATE_METHOD_MATCH = YES;
				COPY_PHASE_STRIP = NO;
				DEBUG_INFORMATION_FORMAT = "dwarf-with-dsym";
				ENABLE_NS_ASSERTIONS = NO;
				ENABLE_STRICT_OBJC_MSGSEND = YES;
				GCC_C_LANGUAGE_STANDARD = gnu11;
				GCC_NO_COMMON_BLOCKS = YES;
				GCC_WARN_64_TO_32_BIT_CONVERSION = YES;
				GCC_WARN_ABOUT_RETURN_TYPE = YES_ERROR;
				GCC_WARN_UNDECLARED_SELECTOR = YES;
				GCC_WARN_UNINITIALIZED_AUTOS = YES_AGGRESSIVE;
				GCC_WARN_UNUSED_FUNCTION = YES;
				GCC_WARN_UNUSED_VARIABLE = YES;
				IPHONEOS_DEPLOYMENT_TARGET = 15.0;
				MTL_ENABLE_DEBUG_INFO = NO;
				MTL_FAST_MATH = YES;
				SDKROOT = iphoneos;
				SWIFT_COMPILATION_MODE = wholemodule;
				SWIFT_OPTIMIZATION_LEVEL = "-O";
				VALIDATE_PRODUCT = YES;
			};
			name = Release;
		};
		33BE4F72285A068B00CB4712 /* Debug */ = {
			isa = XCBuildConfiguration;
			buildSettings = {
				ASSETCATALOG_COMPILER_APPICON_NAME = AppIcon;
				ASSETCATALOG_COMPILER_GLOBAL_ACCENT_COLOR_NAME = AccentColor;
				CODE_SIGN_STYLE = Automatic;
				CURRENT_PROJECT_VERSION = 1;
				GENERATE_INFOPLIST_FILE = YES;
				INFOPLIST_FILE = "Network tableview/Info.plist";
				INFOPLIST_KEY_UIApplicationSupportsIndirectInputEvents = YES;
				INFOPLIST_KEY_UILaunchStoryboardName = LaunchScreen;
				INFOPLIST_KEY_UIMainStoryboardFile = Main;
				INFOPLIST_KEY_UISupportedInterfaceOrientations_iPad = "UIInterfaceOrientationPortrait UIInterfaceOrientationPortraitUpsideDown UIInterfaceOrientationLandscapeLeft UIInterfaceOrientationLandscapeRight";
				INFOPLIST_KEY_UISupportedInterfaceOrientations_iPhone = "UIInterfaceOrientationPortrait UIInterfaceOrientationLandscapeLeft UIInterfaceOrientationLandscapeRight";
				LD_RUNPATH_SEARCH_PATHS = (
					"$(inherited)",
					"@executable_path/Frameworks",
				);
				MARKETING_VERSION = 1.0;
				PRODUCT_BUNDLE_IDENTIFIER = "Ilaydunaytsev.Network-tableview";
				PRODUCT_NAME = "$(TARGET_NAME)";
				SWIFT_EMIT_LOC_STRINGS = YES;
				SWIFT_VERSION = 5.0;
				TARGETED_DEVICE_FAMILY = "1,2";
			};
			name = Debug;
		};
		33BE4F73285A068B00CB4712 /* Release */ = {
			isa = XCBuildConfiguration;
			buildSettings = {
				ASSETCATALOG_COMPILER_APPICON_NAME = AppIcon;
				ASSETCATALOG_COMPILER_GLOBAL_ACCENT_COLOR_NAME = AccentColor;
				CODE_SIGN_STYLE = Automatic;
				CURRENT_PROJECT_VERSION = 1;
				GENERATE_INFOPLIST_FILE = YES;
				INFOPLIST_FILE = "Network tableview/Info.plist";
				INFOPLIST_KEY_UIApplicationSupportsIndirectInputEvents = YES;
				INFOPLIST_KEY_UILaunchStoryboardName = LaunchScreen;
				INFOPLIST_KEY_UIMainStoryboardFile = Main;
				INFOPLIST_KEY_UISupportedInterfaceOrientations_iPad = "UIInterfaceOrientationPortrait UIInterfaceOrientationPortraitUpsideDown UIInterfaceOrientationLandscapeLeft UIInterfaceOrientationLandscapeRight";
				INFOPLIST_KEY_UISupportedInterfaceOrientations_iPhone = "UIInterfaceOrientationPortrait UIInterfaceOrientationLandscapeLeft UIInterfaceOrientationLandscapeRight";
				LD_RUNPATH_SEARCH_PATHS = (
					"$(inherited)",
					"@executable_path/Frameworks",
				);
				MARKETING_VERSION = 1.0;
				PRODUCT_BUNDLE_IDENTIFIER = "Ilaydunaytsev.Network-tableview";
				PRODUCT_NAME = "$(TARGET_NAME)";
				SWIFT_EMIT_LOC_STRINGS = YES;
				SWIFT_VERSION = 5.0;
				TARGETED_DEVICE_FAMILY = "1,2";
			};
			name = Release;
		};
/* End XCBuildConfiguration section */

/* Begin XCConfigurationList section */
		33BE4F58285A068800CB4712 /* Build configuration list for PBXProject "Network tableview" */ = {
			isa = XCConfigurationList;
			buildConfigurations = (
				33BE4F6F285A068B00CB4712 /* Debug */,
				33BE4F70285A068B00CB4712 /* Release */,
			);
			defaultConfigurationIsVisible = 0;
			defaultConfigurationName = Release;
		};
		33BE4F71285A068B00CB4712 /* Build configuration list for PBXNativeTarget "Network tableview" */ = {
			isa = XCConfigurationList;
			buildConfigurations = (
				33BE4F72285A068B00CB4712 /* Debug */,
				33BE4F73285A068B00CB4712 /* Release */,
			);
			defaultConfigurationIsVisible = 0;
			defaultConfigurationName = Release;
		};
/* End XCConfigurationList section */
	};
	rootObject = 33BE4F55285A068800CB4712 /* Project object */;
}
